
Microsoft Visual Studio Solution File, Format Version 12.00
# Visual Studio 2012
Project("{FAE04EC0-301F-11D3-BF4B-00C04F79EFBC}") = "Clase_2_23-03-2017", "Clase_2_23-03-2017\Clase_2_23-03-2017.csproj", "{1525DC83-861F-4F70-B390-3ED793140513}"
EndProject
Global
	GlobalSection(SolutionConfigurationPlatforms) = preSolution
		Debug|Any CPU = Debug|Any CPU
		Release|Any CPU = Release|Any CPU
	EndGlobalSection
	GlobalSection(ProjectConfigurationPlatforms) = postSolution
		{1525DC83-861F-4F70-B390-3ED793140513}.Debug|Any CPU.ActiveCfg = Debug|Any CPU
		{1525DC83-861F-4F70-B390-3ED793140513}.Debug|Any CPU.Build.0 = Debug|Any CPU
		{1525DC83-861F-4F70-B390-3ED793140513}.Release|Any CPU.ActiveCfg = Release|Any CPU
		{1525DC83-861F-4F70-B390-3ED793140513}.Release|Any CPU.Build.0 = Release|Any CPU
	EndGlobalSection
	GlobalSection(SolutionProperties) = preSolution
		HideSolutionNode = FALSE
	EndGlobalSection
EndGlobal
