
Microsoft Visual Studio Solution File, Format Version 12.00
# Visual Studio 2012
Project("{FAE04EC0-301F-11D3-BF4B-00C04F79EFBC}") = "Clase_Pintura", "Clase_Pintura\Clase_Pintura.csproj", "{BE8F03A3-534C-46EB-9D27-C0E530FECF1F}"
EndProject
Project("{FAE04EC0-301F-11D3-BF4B-00C04F79EFBC}") = "Pintura_Program", "Pintura_Program\Pintura_Program.csproj", "{1CF0D5B3-F96E-4AF4-873D-5F881FE652C2}"
EndProject
Global
	GlobalSection(SolutionConfigurationPlatforms) = preSolution
		Debug|Any CPU = Debug|Any CPU
		Release|Any CPU = Release|Any CPU
	EndGlobalSection
	GlobalSection(ProjectConfigurationPlatforms) = postSolution
		{BE8F03A3-534C-46EB-9D27-C0E530FECF1F}.Debug|Any CPU.ActiveCfg = Debug|Any CPU
		{BE8F03A3-534C-46EB-9D27-C0E530FECF1F}.Debug|Any CPU.Build.0 = Debug|Any CPU
		{BE8F03A3-534C-46EB-9D27-C0E530FECF1F}.Release|Any CPU.ActiveCfg = Release|Any CPU
		{BE8F03A3-534C-46EB-9D27-C0E530FECF1F}.Release|Any CPU.Build.0 = Release|Any CPU
		{1CF0D5B3-F96E-4AF4-873D-5F881FE652C2}.Debug|Any CPU.ActiveCfg = Debug|Any CPU
		{1CF0D5B3-F96E-4AF4-873D-5F881FE652C2}.Debug|Any CPU.Build.0 = Debug|Any CPU
		{1CF0D5B3-F96E-4AF4-873D-5F881FE652C2}.Release|Any CPU.ActiveCfg = Release|Any CPU
		{1CF0D5B3-F96E-4AF4-873D-5F881FE652C2}.Release|Any CPU.Build.0 = Release|Any CPU
	EndGlobalSection
	GlobalSection(SolutionProperties) = preSolution
		HideSolutionNode = FALSE
	EndGlobalSection
EndGlobal
