
Microsoft Visual Studio Solution File, Format Version 12.00
# Visual Studio 2013
VisualStudioVersion = 12.0.40629.0
MinimumVisualStudioVersion = 10.0.40219.1
Project("{FAE04EC0-301F-11D3-BF4B-00C04F79EFBC}") = "Clase_18_en_clase", "Clase_18_en_clase\Clase_18_en_clase.csproj", "{E60C5488-A871-4D67-B5B2-0362DAAAD0DD}"
EndProject
Project("{FAE04EC0-301F-11D3-BF4B-00C04F79EFBC}") = "Librerias", "Librerias\Librerias.csproj", "{54748559-D830-41E8-9C45-A50ABA639A2B}"
EndProject
Project("{FAE04EC0-301F-11D3-BF4B-00C04F79EFBC}") = "FormularioEmpleado", "FormularioEmpleado\FormularioEmpleado.csproj", "{7DE92E8C-F640-446F-B7F9-6282CA47ADE9}"
EndProject
Global
	GlobalSection(SolutionConfigurationPlatforms) = preSolution
		Debug|Any CPU = Debug|Any CPU
		Release|Any CPU = Release|Any CPU
	EndGlobalSection
	GlobalSection(ProjectConfigurationPlatforms) = postSolution
		{E60C5488-A871-4D67-B5B2-0362DAAAD0DD}.Debug|Any CPU.ActiveCfg = Debug|Any CPU
		{E60C5488-A871-4D67-B5B2-0362DAAAD0DD}.Debug|Any CPU.Build.0 = Debug|Any CPU
		{E60C5488-A871-4D67-B5B2-0362DAAAD0DD}.Release|Any CPU.ActiveCfg = Release|Any CPU
		{E60C5488-A871-4D67-B5B2-0362DAAAD0DD}.Release|Any CPU.Build.0 = Release|Any CPU
		{54748559-D830-41E8-9C45-A50ABA639A2B}.Debug|Any CPU.ActiveCfg = Debug|Any CPU
		{54748559-D830-41E8-9C45-A50ABA639A2B}.Debug|Any CPU.Build.0 = Debug|Any CPU
		{54748559-D830-41E8-9C45-A50ABA639A2B}.Release|Any CPU.ActiveCfg = Release|Any CPU
		{54748559-D830-41E8-9C45-A50ABA639A2B}.Release|Any CPU.Build.0 = Release|Any CPU
		{7DE92E8C-F640-446F-B7F9-6282CA47ADE9}.Debug|Any CPU.ActiveCfg = Debug|Any CPU
		{7DE92E8C-F640-446F-B7F9-6282CA47ADE9}.Debug|Any CPU.Build.0 = Debug|Any CPU
		{7DE92E8C-F640-446F-B7F9-6282CA47ADE9}.Release|Any CPU.ActiveCfg = Release|Any CPU
		{7DE92E8C-F640-446F-B7F9-6282CA47ADE9}.Release|Any CPU.Build.0 = Release|Any CPU
	EndGlobalSection
	GlobalSection(SolutionProperties) = preSolution
		HideSolutionNode = FALSE
	EndGlobalSection
EndGlobal
