
Microsoft Visual Studio Solution File, Format Version 12.00
# Visual Studio 2013
VisualStudioVersion = 12.0.40629.0
MinimumVisualStudioVersion = 10.0.40219.1
Project("{FAE04EC0-301F-11D3-BF4B-00C04F79EFBC}") = "Entidades.Alumnos", "Entidades.Alumnos.csproj", "{CFC96A62-3579-4BA2-8346-3421754E3DB4}"
EndProject
Project("{FAE04EC0-301F-11D3-BF4B-00C04F79EFBC}") = "Main", "..\Main\Main.csproj", "{5028CF6A-1A3F-4F55-8842-705F563DA33C}"
EndProject
Project("{FAE04EC0-301F-11D3-BF4B-00C04F79EFBC}") = "Principal", "C:\Users\sam\Desktop\Principal\Principal.csproj", "{1CA3F5BD-C777-4397-AE84-A45BD5E86EDA}"
EndProject
Project("{FAE04EC0-301F-11D3-BF4B-00C04F79EFBC}") = "Extension", "Extension\Extension.csproj", "{D68C97E4-4777-4FEA-AE95-5E28EEEB8BCD}"
EndProject
Global
	GlobalSection(SolutionConfigurationPlatforms) = preSolution
		Debug|Any CPU = Debug|Any CPU
		Release|Any CPU = Release|Any CPU
	EndGlobalSection
	GlobalSection(ProjectConfigurationPlatforms) = postSolution
		{CFC96A62-3579-4BA2-8346-3421754E3DB4}.Debug|Any CPU.ActiveCfg = Debug|Any CPU
		{CFC96A62-3579-4BA2-8346-3421754E3DB4}.Debug|Any CPU.Build.0 = Debug|Any CPU
		{CFC96A62-3579-4BA2-8346-3421754E3DB4}.Release|Any CPU.ActiveCfg = Release|Any CPU
		{CFC96A62-3579-4BA2-8346-3421754E3DB4}.Release|Any CPU.Build.0 = Release|Any CPU
		{5028CF6A-1A3F-4F55-8842-705F563DA33C}.Debug|Any CPU.ActiveCfg = Debug|Any CPU
		{5028CF6A-1A3F-4F55-8842-705F563DA33C}.Debug|Any CPU.Build.0 = Debug|Any CPU
		{5028CF6A-1A3F-4F55-8842-705F563DA33C}.Release|Any CPU.ActiveCfg = Release|Any CPU
		{5028CF6A-1A3F-4F55-8842-705F563DA33C}.Release|Any CPU.Build.0 = Release|Any CPU
		{1CA3F5BD-C777-4397-AE84-A45BD5E86EDA}.Debug|Any CPU.ActiveCfg = Debug|Any CPU
		{1CA3F5BD-C777-4397-AE84-A45BD5E86EDA}.Debug|Any CPU.Build.0 = Debug|Any CPU
		{1CA3F5BD-C777-4397-AE84-A45BD5E86EDA}.Release|Any CPU.ActiveCfg = Release|Any CPU
		{1CA3F5BD-C777-4397-AE84-A45BD5E86EDA}.Release|Any CPU.Build.0 = Release|Any CPU
		{D68C97E4-4777-4FEA-AE95-5E28EEEB8BCD}.Debug|Any CPU.ActiveCfg = Debug|Any CPU
		{D68C97E4-4777-4FEA-AE95-5E28EEEB8BCD}.Debug|Any CPU.Build.0 = Debug|Any CPU
		{D68C97E4-4777-4FEA-AE95-5E28EEEB8BCD}.Release|Any CPU.ActiveCfg = Release|Any CPU
		{D68C97E4-4777-4FEA-AE95-5E28EEEB8BCD}.Release|Any CPU.Build.0 = Release|Any CPU
	EndGlobalSection
	GlobalSection(SolutionProperties) = preSolution
		HideSolutionNode = FALSE
	EndGlobalSection
EndGlobal
